
Microsoft Visual Studio Solution File, Format Version 12.00
# Visual Studio Version 16
VisualStudioVersion = 16.0.32002.261
MinimumVisualStudioVersion = 10.0.40219.1
Project("{8BC9CEB8-8B4A-11D0-8D11-00A0C91BC942}") = "lpaq2g-wiese", "lpaq2g-wiese.vcxproj", "{202E9035-B6CA-495E-8A58-8884251AF848}"
EndProject
Global
	GlobalSection(SolutionConfigurationPlatforms) = preSolution
		Debug|x64 = Debug|x64
		Debug|x86 = Debug|x86
		Release|x64 = Release|x64
		Release|x86 = Release|x86
	EndGlobalSection
	GlobalSection(ProjectConfigurationPlatforms) = postSolution
		{202E9035-B6CA-495E-8A58-8884251AF848}.Debug|x64.ActiveCfg = Debug|x64
		{202E9035-B6CA-495E-8A58-8884251AF848}.Debug|x64.Build.0 = Debug|x64
		{202E9035-B6CA-495E-8A58-8884251AF848}.Debug|x86.ActiveCfg = Debug|Win32
		{202E9035-B6CA-495E-8A58-8884251AF848}.Debug|x86.Build.0 = Debug|Win32
		{202E9035-B6CA-495E-8A58-8884251AF848}.Release|x64.ActiveCfg = Release|x64
		{202E9035-B6CA-495E-8A58-8884251AF848}.Release|x64.Build.0 = Release|x64
		{202E9035-B6CA-495E-8A58-8884251AF848}.Release|x86.ActiveCfg = Release|Win32
		{202E9035-B6CA-495E-8A58-8884251AF848}.Release|x86.Build.0 = Release|Win32
	EndGlobalSection
	GlobalSection(SolutionProperties) = preSolution
		HideSolutionNode = FALSE
	EndGlobalSection
	GlobalSection(ExtensibilityGlobals) = postSolution
		SolutionGuid = {162A1207-39A7-4F3E-B25F-EBA6AE470797}
	EndGlobalSection
EndGlobal
